PODS:
  - Flutter (1.0.0)
  - flutter_stripe_sdk (0.0.1):
    - Flutter
    - Stripe
  - Stripe (16.0.7)

DEPENDENCIES:
  - Flutter (from `.symlinks/flutter/ios`)
  - flutter_stripe_sdk (from `.symlinks/plugins/flutter_stripe_sdk/ios`)
  - Stripe (from `https://github.com/DEXIT33/stripe-ios.git`, branch `flutter_stripe_sdk_stable`)

EXTERNAL SOURCES:
  Flutter:
    :path: ".symlinks/flutter/ios"
  flutter_stripe_sdk:
    :path: ".symlinks/plugins/flutter_stripe_sdk/ios"
  Stripe:
    :branch: flutter_stripe_sdk_stable
    :git: https://github.com/DEXIT33/stripe-ios.git

CHECKOUT OPTIONS:
  Stripe:
    :commit: 0e6e09ea8f9409f573b8d79282d171f4ce5e604e
    :git: https://github.com/DEXIT33/stripe-ios.git

SPEC CHECKSUMS:
  Flutter: 58dd7d1b27887414a370fcccb9e645c08ffd7a6a
  flutter_stripe_sdk: fbf0d00800ff06e1ef1f91e91a69ddb25975bdc8
  Stripe: 67f64f64314503b396a71c55535d5307d7e5c9ff

PODFILE CHECKSUM: 2572c11ff69d522cf191c1445c5aeb8b64205ebb

COCOAPODS: 1.7.3
